lockfileVersion: '9.0'

settings:
  autoInstallPeers: true
  excludeLinksFromLockfile: false

importers:

  .:
    dependencies:
      '@vue/devtools-api':
        specifier: ^7.6.2
        version: 7.6.2
    devDependencies:
      rollup:
        specifier: ^4.24.3
        version: 4.24.3

packages:

  '@rollup/rollup-android-arm-eabi@4.24.3':
    resolution: {integrity: sha512-ufb2CH2KfBWPJok95frEZZ82LtDl0A6QKTa8MoM+cWwDZvVGl5/jNb79pIhRvAalUu+7LD91VYR0nwRD799HkQ==}
    cpu: [arm]
    os: [android]

  '@rollup/rollup-android-arm64@4.24.3':
    resolution: {integrity: sha512-iAHpft/eQk9vkWIV5t22V77d90CRofgR2006UiCjHcHJFVI1E0oBkQIAbz+pLtthFw3hWEmVB4ilxGyBf48i2Q==}
    cpu: [arm64]
    os: [android]

  '@rollup/rollup-darwin-arm64@4.24.3':
    resolution: {integrity: sha512-QPW2YmkWLlvqmOa2OwrfqLJqkHm7kJCIMq9kOz40Zo9Ipi40kf9ONG5Sz76zszrmIZZ4hgRIkez69YnTHgEz1w==}
    cpu: [arm64]
    os: [darwin]

  '@rollup/rollup-darwin-x64@4.24.3':
    resolution: {integrity: sha512-KO0pN5x3+uZm1ZXeIfDqwcvnQ9UEGN8JX5ufhmgH5Lz4ujjZMAnxQygZAVGemFWn+ZZC0FQopruV4lqmGMshow==}
    cpu: [x64]
    os: [darwin]

  '@rollup/rollup-freebsd-arm64@4.24.3':
    resolution: {integrity: sha512-CsC+ZdIiZCZbBI+aRlWpYJMSWvVssPuWqrDy/zi9YfnatKKSLFCe6fjna1grHuo/nVaHG+kiglpRhyBQYRTK4A==}
    cpu: [arm64]
    os: [freebsd]

  '@rollup/rollup-freebsd-x64@4.24.3':
    resolution: {integrity: sha512-F0nqiLThcfKvRQhZEzMIXOQG4EeX61im61VYL1jo4eBxv4aZRmpin6crnBJQ/nWnCsjH5F6J3W6Stdm0mBNqBg==}
    cpu: [x64]
    os: [freebsd]

  '@rollup/rollup-linux-arm-gnueabihf@4.24.3':
    resolution: {integrity: sha512-KRSFHyE/RdxQ1CSeOIBVIAxStFC/hnBgVcaiCkQaVC+EYDtTe4X7z5tBkFyRoBgUGtB6Xg6t9t2kulnX6wJc6A==}
    cpu: [arm]
    os: [linux]

  '@rollup/rollup-linux-arm-musleabihf@4.24.3':
    resolution: {integrity: sha512-h6Q8MT+e05zP5BxEKz0vi0DhthLdrNEnspdLzkoFqGwnmOzakEHSlXfVyA4HJ322QtFy7biUAVFPvIDEDQa6rw==}
    cpu: [arm]
    os: [linux]

  '@rollup/rollup-linux-arm64-gnu@4.24.3':
    resolution: {integrity: sha512-fKElSyXhXIJ9pqiYRqisfirIo2Z5pTTve5K438URf08fsypXrEkVmShkSfM8GJ1aUyvjakT+fn2W7Czlpd/0FQ==}
    cpu: [arm64]
    os: [linux]

  '@rollup/rollup-linux-arm64-musl@4.24.3':
    resolution: {integrity: sha512-YlddZSUk8G0px9/+V9PVilVDC6ydMz7WquxozToozSnfFK6wa6ne1ATUjUvjin09jp34p84milxlY5ikueoenw==}
    cpu: [arm64]
    os: [linux]

  '@rollup/rollup-linux-powerpc64le-gnu@4.24.3':
    resolution: {integrity: sha512-yNaWw+GAO8JjVx3s3cMeG5Esz1cKVzz8PkTJSfYzE5u7A+NvGmbVFEHP+BikTIyYWuz0+DX9kaA3pH9Sqxp69g==}
    cpu: [ppc64]
    os: [linux]

  '@rollup/rollup-linux-riscv64-gnu@4.24.3':
    resolution: {integrity: sha512-lWKNQfsbpv14ZCtM/HkjCTm4oWTKTfxPmr7iPfp3AHSqyoTz5AgLemYkWLwOBWc+XxBbrU9SCokZP0WlBZM9lA==}
    cpu: [riscv64]
    os: [linux]

  '@rollup/rollup-linux-s390x-gnu@4.24.3':
    resolution: {integrity: sha512-HoojGXTC2CgCcq0Woc/dn12wQUlkNyfH0I1ABK4Ni9YXyFQa86Fkt2Q0nqgLfbhkyfQ6003i3qQk9pLh/SpAYw==}
    cpu: [s390x]
    os: [linux]

  '@rollup/rollup-linux-x64-gnu@4.24.3':
    resolution: {integrity: sha512-mnEOh4iE4USSccBOtcrjF5nj+5/zm6NcNhbSEfR3Ot0pxBwvEn5QVUXcuOwwPkapDtGZ6pT02xLoPaNv06w7KQ==}
    cpu: [x64]
    os: [linux]

  '@rollup/rollup-linux-x64-musl@4.24.3':
    resolution: {integrity: sha512-rMTzawBPimBQkG9NKpNHvquIUTQPzrnPxPbCY1Xt+mFkW7pshvyIS5kYgcf74goxXOQk0CP3EoOC1zcEezKXhw==}
    cpu: [x64]
    os: [linux]

  '@rollup/rollup-win32-arm64-msvc@4.24.3':
    resolution: {integrity: sha512-2lg1CE305xNvnH3SyiKwPVsTVLCg4TmNCF1z7PSHX2uZY2VbUpdkgAllVoISD7JO7zu+YynpWNSKAtOrX3AiuA==}
    cpu: [arm64]
    os: [win32]

  '@rollup/rollup-win32-ia32-msvc@4.24.3':
    resolution: {integrity: sha512-9SjYp1sPyxJsPWuhOCX6F4jUMXGbVVd5obVpoVEi8ClZqo52ViZewA6eFz85y8ezuOA+uJMP5A5zo6Oz4S5rVQ==}
    cpu: [ia32]
    os: [win32]

  '@rollup/rollup-win32-x64-msvc@4.24.3':
    resolution: {integrity: sha512-HGZgRFFYrMrP3TJlq58nR1xy8zHKId25vhmm5S9jETEfDf6xybPxsavFTJaufe2zgOGYJBskGlj49CwtEuFhWQ==}
    cpu: [x64]
    os: [win32]

  '@types/estree@1.0.6':
    resolution: {integrity: sha512-AYnb1nQyY49te+VRAVgmzfcgjYS91mY5P0TKUDCLEM+gNnA+3T6rWITXRLYCpahpqSQbN5cE+gHpnPyXjHWxcw==}

  '@vue/devtools-api@7.6.2':
    resolution: {integrity: sha512-NCT0ujqlwAhoFvCsAG7G5qS8w/A/dhvFSt2BhmNxyqgpYDrf9CG1zYyWLQkE3dsZ+5lCT6ULUic2VKNaE07Vzg==}

  '@vue/devtools-kit@7.6.2':
    resolution: {integrity: sha512-k61BxHRmcTtIQZFouF9QWt9nCCNtSdw12lhg8VNtHq5/XOBGD+ewiK27a40UJ8UPYoCJvi80hbvbYr5E/Zeu1g==}

  '@vue/devtools-shared@7.6.2':
    resolution: {integrity: sha512-lcjyJ7hCC0W0kNwnCGMLVTMvDLoZgjcq9BvboPgS+6jQyDul7fpzRSKTGtGhCHoxrDox7qBAKGbAl2Rcf7GE1A==}

  birpc@0.2.19:
    resolution: {integrity: sha512-5WeXXAvTmitV1RqJFppT5QtUiz2p1mRSYU000Jkft5ZUCLJIk4uQriYNO50HknxKwM6jd8utNc66K1qGIwwWBQ==}

  copy-anything@3.0.5:
    resolution: {integrity: sha512-yCEafptTtb4bk7GLEQoM8KVJpxAfdBJYaXyzQEgQQQgYrZiDp8SJmGKlYza6CYjEDNstAdNdKA3UuoULlEbS6w==}
    engines: {node: '>=12.13'}

  fsevents@2.3.3:
    resolution: {integrity: sha512-5xoDfX+fL7faATnagmWPpbFtwh/R77WmMMqqHGS65C3vvB0YHrgF+B1YmZ3441tMj5n63k0212XNoJwzlhffQw==}
    engines: {node: ^8.16.0 || ^10.6.0 || >=11.0.0}
    os: [darwin]

  hookable@5.5.3:
    resolution: {integrity: sha512-Yc+BQe8SvoXH1643Qez1zqLRmbA5rCL+sSmk6TVos0LWVfNIB7PGncdlId77WzLGSIB5KaWgTaNTs2lNVEI6VQ==}

  is-what@4.1.16:
    resolution: {integrity: sha512-ZhMwEosbFJkA0YhFnNDgTM4ZxDRsS6HqTo7qsZM08fehyRYIYa0yHu5R6mgo1n/8MgaPBXiPimPD77baVFYg+A==}
    engines: {node: '>=12.13'}

  mitt@3.0.1:
    resolution: {integrity: sha512-vKivATfr97l2/QBCYAkXYDbrIWPM2IIKEl7YPhjCvKlG3kE2gm+uBo6nEXK3M5/Ffh/FLpKExzOQ3JJoJGFKBw==}

  perfect-debounce@1.0.0:
    resolution: {integrity: sha512-xCy9V055GLEqoFaHoC1SoLIaLmWctgCUaBaWxDZ7/Zx4CTyX7cJQLJOok/orfjZAh9kEYpjJa4d0KcJmCbctZA==}

  rfdc@1.4.1:
    resolution: {integrity: sha512-q1b3N5QkRUWUl7iyylaaj3kOpIT0N2i9MqIEQXP73GVsN9cw3fdx8X63cEmWhJGi2PPCF23Ijp7ktmd39rawIA==}

  rollup@4.24.3:
    resolution: {integrity: sha512-HBW896xR5HGmoksbi3JBDtmVzWiPAYqp7wip50hjQ67JbDz61nyoMPdqu1DvVW9asYb2M65Z20ZHsyJCMqMyDg==}
    engines: {node: '>=18.0.0', npm: '>=8.0.0'}
    hasBin: true

  speakingurl@14.0.1:
    resolution: {integrity: sha512-1POYv7uv2gXoyGFpBCmpDVSNV74IfsWlDW216UPjbWufNf+bSU6GdbDsxdcxtfwb4xlI3yxzOTKClUosxARYrQ==}
    engines: {node: '>=0.10.0'}

  superjson@2.2.1:
    resolution: {integrity: sha512-8iGv75BYOa0xRJHK5vRLEjE2H/i4lulTjzpUXic3Eg8akftYjkmQDa8JARQ42rlczXyFR3IeRoeFCc7RxHsYZA==}
    engines: {node: '>=16'}

snapshots:

  '@rollup/rollup-android-arm-eabi@4.24.3':
    optional: true

  '@rollup/rollup-android-arm64@4.24.3':
    optional: true

  '@rollup/rollup-darwin-arm64@4.24.3':
    optional: true

  '@rollup/rollup-darwin-x64@4.24.3':
    optional: true

  '@rollup/rollup-freebsd-arm64@4.24.3':
    optional: true

  '@rollup/rollup-freebsd-x64@4.24.3':
    optional: true

  '@rollup/rollup-linux-arm-gnueabihf@4.24.3':
    optional: true

  '@rollup/rollup-linux-arm-musleabihf@4.24.3':
    optional: true

  '@rollup/rollup-linux-arm64-gnu@4.24.3':
    optional: true

  '@rollup/rollup-linux-arm64-musl@4.24.3':
    optional: true

  '@rollup/rollup-linux-powerpc64le-gnu@4.24.3':
    optional: true

  '@rollup/rollup-linux-riscv64-gnu@4.24.3':
    optional: true

  '@rollup/rollup-linux-s390x-gnu@4.24.3':
    optional: true

  '@rollup/rollup-linux-x64-gnu@4.24.3':
    optional: true

  '@rollup/rollup-linux-x64-musl@4.24.3':
    optional: true

  '@rollup/rollup-win32-arm64-msvc@4.24.3':
    optional: true

  '@rollup/rollup-win32-ia32-msvc@4.24.3':
    optional: true

  '@rollup/rollup-win32-x64-msvc@4.24.3':
    optional: true

  '@types/estree@1.0.6': {}

  '@vue/devtools-api@7.6.2':
    dependencies:
      '@vue/devtools-kit': 7.6.2

  '@vue/devtools-kit@7.6.2':
    dependencies:
      '@vue/devtools-shared': 7.6.2
      birpc: 0.2.19
      hookable: 5.5.3
      mitt: 3.0.1
      perfect-debounce: 1.0.0
      speakingurl: 14.0.1
      superjson: 2.2.1

  '@vue/devtools-shared@7.6.2':
    dependencies:
      rfdc: 1.4.1

  birpc@0.2.19: {}

  copy-anything@3.0.5:
    dependencies:
      is-what: 4.1.16

  fsevents@2.3.3:
    optional: true

  hookable@5.5.3: {}

  is-what@4.1.16: {}

  mitt@3.0.1: {}

  perfect-debounce@1.0.0: {}

  rfdc@1.4.1: {}

  rollup@4.24.3:
    dependencies:
      '@types/estree': 1.0.6
    optionalDependencies:
      '@rollup/rollup-android-arm-eabi': 4.24.3
      '@rollup/rollup-android-arm64': 4.24.3
      '@rollup/rollup-darwin-arm64': 4.24.3
      '@rollup/rollup-darwin-x64': 4.24.3
      '@rollup/rollup-freebsd-arm64': 4.24.3
      '@rollup/rollup-freebsd-x64': 4.24.3
      '@rollup/rollup-linux-arm-gnueabihf': 4.24.3
      '@rollup/rollup-linux-arm-musleabihf': 4.24.3
      '@rollup/rollup-linux-arm64-gnu': 4.24.3
      '@rollup/rollup-linux-arm64-musl': 4.24.3
      '@rollup/rollup-linux-powerpc64le-gnu': 4.24.3
      '@rollup/rollup-linux-riscv64-gnu': 4.24.3
      '@rollup/rollup-linux-s390x-gnu': 4.24.3
      '@rollup/rollup-linux-x64-gnu': 4.24.3
      '@rollup/rollup-linux-x64-musl': 4.24.3
      '@rollup/rollup-win32-arm64-msvc': 4.24.3
      '@rollup/rollup-win32-ia32-msvc': 4.24.3
      '@rollup/rollup-win32-x64-msvc': 4.24.3
      fsevents: 2.3.3

  speakingurl@14.0.1: {}

  superjson@2.2.1:
    dependencies:
      copy-anything: 3.0.5
